{
    "name": "w_descendant",
    "lockfileVersion": 3,
    "requires": true,
    "packages": {
        "": {
            "workspaces": [
                "canisters/deep_different",
                "canisters/deep_same",
                "canisters/deeper_different",
                "canisters/deeper_same"
            ]
        }
    }
}
