{
    "name": "type_tests",
    "lockfileVersion": 3,
    "requires": true,
    "packages": {
        "": {
            "devDependencies": {
                "expect-type": "^0.17.3"
            }
        },
        "node_modules/expect-type": {
            "version": "0.17.3",
            "resolved": "https://registry.npmjs.org/expect-type/-/expect-type-0.17.3.tgz",
            "integrity": "sha512-K0ZdZJ97jiAtaOwhEHHz/f0N6Xbj5reRz5g6+5BO7+OvqQ7PMQz0/c8bFSJs1zPotNJL5HJaC6t6lGPEAtGyOw==",
            "dev": true,
            "engines": {
                "node": ">=12.0.0"
            }
        }
    }
}
