{
    "name": "call_errors",
    "lockfileVersion": 3,
    "requires": true,
    "packages": {
        "": {
            "dependencies": {
                "azle": "0.31.0"
            }
        },
        "../../../../../..": {
            "version": "0.31.0",
            "hasInstallScript": true,
            "license": "MIT",
            "dependencies": {
                "@dfinity/agent": "^2.4.1",
                "@sinonjs/text-encoding": "0.7.3",
                "binaryen": "^116.0.0",
                "cuzz": "0.0.8",
                "esbuild": "^0.25.4",
                "jssha": "^3.3.1",
                "tsx": "^4.19.4",
                "typescript": "^5.8.3",
                "uuid": "^11.1.0"
            },
            "bin": {
                "azle": "src/build.ts"
            },
            "devDependencies": {
                "@dfinity/identity": "^2.4.1",
                "@eslint/js": "^9.27.0",
                "@types/semver": "^7.7.0",
                "@types/uuid": "^10.0.0",
                "@typescript-eslint/eslint-plugin": "^8.32.1",
                "@typescript-eslint/parser": "^8.32.1",
                "azle-experimental-deps": "github:demergent-labs/azle-experimental-deps#882dcaa3aa0ccb66d81ee923c8279369a8424bfa",
                "eslint": "^9.27.0",
                "eslint-config-prettier": "^10.1.5",
                "eslint-plugin-simple-import-sort": "^12.1.1",
                "fast-check": "^4.1.1",
                "husky": "9.1.7",
                "jest": "^29.7.0",
                "lint-staged": "16.0.0",
                "prettier": "^3.5.3",
                "puppeteer": "^24.9.0",
                "semver": "^7.7.2",
                "ts-jest": "^29.3.3",
                "typescript-eslint": "^8.32.1"
            }
        },
        "node_modules/azle": {
            "resolved": "../../../../../..",
            "link": true
        }
    }
}
