{
    "name": "cycles",
    "lockfileVersion": 2,
    "requires": true,
    "packages": {
        "": {
            "dependencies": {
                "azle": "0.5.0-rc.1"
            },
            "devDependencies": {
                "@dfinity/agent": "0.11.1",
                "ts-node": "10.7.0",
                "typescript": "4.6.3"
            }
        },
        "node_modules/@cspotcode/source-map-consumer": {
            "version": "0.8.0",
            "dev": true,
            "license": "BSD-3-Clause",
            "engines": {
                "node": ">= 12"
            }
        },
        "node_modules/@cspotcode/source-map-support": {
            "version": "0.7.0",
            "dev": true,
            "license": "MIT",
            "dependencies": {
                "@cspotcode/source-map-consumer": "0.8.0"
            },
            "engines": {
                "node": ">=12"
            }
        },
        "node_modules/@dfinity/agent": {
            "version": "0.11.1",
            "dev": true,
            "license": "Apache-2.0",
            "dependencies": {
                "base64-arraybuffer": "^0.2.0",
                "bignumber.js": "^9.0.0",
                "borc": "^2.1.1",
                "js-sha256": "0.9.0",
                "simple-cbor": "^0.4.1"
            },
            "peerDependencies": {
                "@dfinity/candid": "^0.11.1",
                "@dfinity/principal": "^0.11.1"
            }
        },
        "node_modules/@dfinity/candid": {
            "version": "0.11.1",
            "dev": true,
            "license": "Apache-2.0",
            "peer": true
        },
        "node_modules/@dfinity/principal": {
            "version": "0.11.1",
            "dev": true,
            "license": "Apache-2.0",
            "peer": true
        },
        "node_modules/@swc/core": {
            "version": "1.2.151",
            "dev": true,
            "license": "Apache-2.0",
            "optional": true,
            "peer": true,
            "bin": {
                "swcx": "run_swcx.js"
            },
            "engines": {
                "node": ">=10"
            },
            "funding": {
                "type": "opencollective",
                "url": "https://opencollective.com/swc"
            },
            "optionalDependencies": {
                "@swc/core-android-arm-eabi": "1.2.151",
                "@swc/core-android-arm64": "1.2.151",
                "@swc/core-darwin-arm64": "1.2.151",
                "@swc/core-darwin-x64": "1.2.151",
                "@swc/core-freebsd-x64": "1.2.151",
                "@swc/core-linux-arm-gnueabihf": "1.2.151",
                "@swc/core-linux-arm64-gnu": "1.2.151",
                "@swc/core-linux-arm64-musl": "1.2.151",
                "@swc/core-linux-x64-gnu": "1.2.151",
                "@swc/core-linux-x64-musl": "1.2.151",
                "@swc/core-win32-arm64-msvc": "1.2.151",
                "@swc/core-win32-ia32-msvc": "1.2.151",
                "@swc/core-win32-x64-msvc": "1.2.151"
            }
        },
        "node_modules/@swc/core-linux-x64-gnu": {
            "version": "1.2.151",
            "cpu": [
                "x64"
            ],
            "dev": true,
            "license": "Apache-2.0 AND MIT",
            "optional": true,
            "os": [
                "linux"
            ],
            "peer": true,
            "engines": {
                "node": ">=10"
            }
        },
        "node_modules/@swc/core-linux-x64-musl": {
            "version": "1.2.151",
            "cpu": [
                "x64"
            ],
            "dev": true,
            "license": "Apache-2.0 AND MIT",
            "optional": true,
            "os": [
                "linux"
            ],
            "peer": true,
            "engines": {
                "node": ">=10"
            }
        },
        "node_modules/@tsconfig/node10": {
            "version": "1.0.8",
            "dev": true,
            "license": "MIT"
        },
        "node_modules/@tsconfig/node12": {
            "version": "1.0.9",
            "dev": true,
            "license": "MIT"
        },
        "node_modules/@tsconfig/node14": {
            "version": "1.0.1",
            "dev": true,
            "license": "MIT"
        },
        "node_modules/@tsconfig/node16": {
            "version": "1.0.2",
            "dev": true,
            "license": "MIT"
        },
        "node_modules/@types/node": {
            "version": "17.0.21",
            "dev": true,
            "license": "MIT",
            "peer": true
        },
        "node_modules/acorn": {
            "version": "8.7.0",
            "dev": true,
            "license": "MIT",
            "bin": {
                "acorn": "bin/acorn"
            },
            "engines": {
                "node": ">=0.4.0"
            }
        },
        "node_modules/acorn-walk": {
            "version": "8.2.0",
            "dev": true,
            "license": "MIT",
            "engines": {
                "node": ">=0.4.0"
            }
        },
        "node_modules/arg": {
            "version": "4.1.3",
            "dev": true,
            "license": "MIT"
        },
        "node_modules/base64-arraybuffer": {
            "version": "0.2.0",
            "dev": true,
            "engines": {
                "node": ">= 0.6.0"
            }
        },
        "node_modules/base64-js": {
            "version": "1.5.1",
            "dev": true,
            "funding": [
                {
                    "type": "github",
                    "url": "https://github.com/sponsors/feross"
                },
                {
                    "type": "patreon",
                    "url": "https://www.patreon.com/feross"
                },
                {
                    "type": "consulting",
                    "url": "https://feross.org/support"
                }
            ],
            "license": "MIT"
        },
        "node_modules/bignumber.js": {
            "version": "9.0.2",
            "dev": true,
            "license": "MIT",
            "engines": {
                "node": "*"
            }
        },
        "node_modules/borc": {
            "version": "2.1.2",
            "dev": true,
            "license": "MIT",
            "dependencies": {
                "bignumber.js": "^9.0.0",
                "buffer": "^5.5.0",
                "commander": "^2.15.0",
                "ieee754": "^1.1.13",
                "iso-url": "~0.4.7",
                "json-text-sequence": "~0.1.0",
                "readable-stream": "^3.6.0"
            },
            "engines": {
                "node": ">=4"
            }
        },
        "node_modules/buffer": {
            "version": "5.7.1",
            "dev": true,
            "funding": [
                {
                    "type": "github",
                    "url": "https://github.com/sponsors/feross"
                },
                {
                    "type": "patreon",
                    "url": "https://www.patreon.com/feross"
                },
                {
                    "type": "consulting",
                    "url": "https://feross.org/support"
                }
            ],
            "license": "MIT",
            "dependencies": {
                "base64-js": "^1.3.1",
                "ieee754": "^1.1.13"
            }
        },
        "node_modules/commander": {
            "version": "2.20.3",
            "dev": true,
            "license": "MIT"
        },
        "node_modules/create-require": {
            "version": "1.1.1",
            "dev": true,
            "license": "MIT"
        },
        "node_modules/delimit-stream": {
            "version": "0.1.0",
            "dev": true,
            "license": "BSD-2-Clause"
        },
        "node_modules/diff": {
            "version": "4.0.2",
            "dev": true,
            "license": "BSD-3-Clause",
            "engines": {
                "node": ">=0.3.1"
            }
        },
        "node_modules/ieee754": {
            "version": "1.2.1",
            "dev": true,
            "funding": [
                {
                    "type": "github",
                    "url": "https://github.com/sponsors/feross"
                },
                {
                    "type": "patreon",
                    "url": "https://www.patreon.com/feross"
                },
                {
                    "type": "consulting",
                    "url": "https://feross.org/support"
                }
            ],
            "license": "BSD-3-Clause"
        },
        "node_modules/inherits": {
            "version": "2.0.4",
            "dev": true,
            "license": "ISC"
        },
        "node_modules/iso-url": {
            "version": "0.4.7",
            "dev": true,
            "license": "MIT",
            "engines": {
                "node": ">=10"
            }
        },
        "node_modules/js-sha256": {
            "version": "0.9.0",
            "dev": true,
            "license": "MIT"
        },
        "node_modules/json-text-sequence": {
            "version": "0.1.1",
            "dev": true,
            "license": "MIT",
            "dependencies": {
                "delimit-stream": "0.1.0"
            }
        },
        "node_modules/make-error": {
            "version": "1.3.6",
            "dev": true,
            "license": "ISC"
        },
        "node_modules/readable-stream": {
            "version": "3.6.0",
            "dev": true,
            "license": "MIT",
            "dependencies": {
                "inherits": "^2.0.3",
                "string_decoder": "^1.1.1",
                "util-deprecate": "^1.0.1"
            },
            "engines": {
                "node": ">= 6"
            }
        },
        "node_modules/safe-buffer": {
            "version": "5.2.1",
            "dev": true,
            "funding": [
                {
                    "type": "github",
                    "url": "https://github.com/sponsors/feross"
                },
                {
                    "type": "patreon",
                    "url": "https://www.patreon.com/feross"
                },
                {
                    "type": "consulting",
                    "url": "https://feross.org/support"
                }
            ],
            "license": "MIT"
        },
        "node_modules/simple-cbor": {
            "version": "0.4.1",
            "dev": true,
            "license": "ISC"
        },
        "node_modules/string_decoder": {
            "version": "1.3.0",
            "dev": true,
            "license": "MIT",
            "dependencies": {
                "safe-buffer": "~5.2.0"
            }
        },
        "node_modules/ts-node": {
            "version": "10.7.0",
            "dev": true,
            "license": "MIT",
            "dependencies": {
                "@cspotcode/source-map-support": "0.7.0",
                "@tsconfig/node10": "^1.0.7",
                "@tsconfig/node12": "^1.0.7",
                "@tsconfig/node14": "^1.0.0",
                "@tsconfig/node16": "^1.0.2",
                "acorn": "^8.4.1",
                "acorn-walk": "^8.1.1",
                "arg": "^4.1.0",
                "create-require": "^1.1.0",
                "diff": "^4.0.1",
                "make-error": "^1.1.1",
                "v8-compile-cache-lib": "^3.0.0",
                "yn": "3.1.1"
            },
            "bin": {
                "ts-node": "dist/bin.js",
                "ts-node-cwd": "dist/bin-cwd.js",
                "ts-node-esm": "dist/bin-esm.js",
                "ts-node-script": "dist/bin-script.js",
                "ts-node-transpile-only": "dist/bin-transpile.js",
                "ts-script": "dist/bin-script-deprecated.js"
            },
            "peerDependencies": {
                "@swc/core": ">=1.2.50",
                "@swc/wasm": ">=1.2.50",
                "@types/node": "*",
                "typescript": ">=2.7"
            },
            "peerDependenciesMeta": {
                "@swc/core": {
                    "optional": true
                },
                "@swc/wasm": {
                    "optional": true
                }
            }
        },
        "node_modules/typescript": {
            "version": "4.6.3",
            "dev": true,
            "license": "Apache-2.0",
            "bin": {
                "tsc": "bin/tsc",
                "tsserver": "bin/tsserver"
            },
            "engines": {
                "node": ">=4.2.0"
            }
        },
        "node_modules/util-deprecate": {
            "version": "1.0.2",
            "dev": true,
            "license": "MIT"
        },
        "node_modules/v8-compile-cache-lib": {
            "version": "3.0.1",
            "dev": true,
            "license": "MIT"
        },
        "node_modules/yn": {
            "version": "3.1.1",
            "dev": true,
            "license": "MIT",
            "engines": {
                "node": ">=6"
            }
        }
    },
    "dependencies": {
        "@cspotcode/source-map-consumer": {
            "version": "0.8.0",
            "dev": true
        },
        "@cspotcode/source-map-support": {
            "version": "0.7.0",
            "dev": true,
            "requires": {
                "@cspotcode/source-map-consumer": "0.8.0"
            }
        },
        "@dfinity/agent": {
            "version": "0.11.1",
            "dev": true,
            "requires": {
                "base64-arraybuffer": "^0.2.0",
                "bignumber.js": "^9.0.0",
                "borc": "^2.1.1",
                "js-sha256": "0.9.0",
                "simple-cbor": "^0.4.1"
            }
        },
        "@dfinity/candid": {
            "version": "0.11.1",
            "dev": true,
            "peer": true
        },
        "@dfinity/principal": {
            "version": "0.11.1",
            "dev": true,
            "peer": true
        },
        "@swc/core": {
            "version": "1.2.151",
            "dev": true,
            "optional": true,
            "peer": true,
            "requires": {
                "@swc/core-android-arm-eabi": "1.2.151",
                "@swc/core-android-arm64": "1.2.151",
                "@swc/core-darwin-arm64": "1.2.151",
                "@swc/core-darwin-x64": "1.2.151",
                "@swc/core-freebsd-x64": "1.2.151",
                "@swc/core-linux-arm-gnueabihf": "1.2.151",
                "@swc/core-linux-arm64-gnu": "1.2.151",
                "@swc/core-linux-arm64-musl": "1.2.151",
                "@swc/core-linux-x64-gnu": "1.2.151",
                "@swc/core-linux-x64-musl": "1.2.151",
                "@swc/core-win32-arm64-msvc": "1.2.151",
                "@swc/core-win32-ia32-msvc": "1.2.151",
                "@swc/core-win32-x64-msvc": "1.2.151"
            }
        },
        "@swc/core-linux-x64-gnu": {
            "version": "1.2.151",
            "dev": true,
            "optional": true,
            "peer": true
        },
        "@swc/core-linux-x64-musl": {
            "version": "1.2.151",
            "dev": true,
            "optional": true,
            "peer": true
        },
        "@tsconfig/node10": {
            "version": "1.0.8",
            "dev": true
        },
        "@tsconfig/node12": {
            "version": "1.0.9",
            "dev": true
        },
        "@tsconfig/node14": {
            "version": "1.0.1",
            "dev": true
        },
        "@tsconfig/node16": {
            "version": "1.0.2",
            "dev": true
        },
        "@types/node": {
            "version": "17.0.21",
            "dev": true,
            "peer": true
        },
        "acorn": {
            "version": "8.7.0",
            "dev": true
        },
        "acorn-walk": {
            "version": "8.2.0",
            "dev": true
        },
        "arg": {
            "version": "4.1.3",
            "dev": true
        },
        "base64-arraybuffer": {
            "version": "0.2.0",
            "dev": true
        },
        "base64-js": {
            "version": "1.5.1",
            "dev": true
        },
        "bignumber.js": {
            "version": "9.0.2",
            "dev": true
        },
        "borc": {
            "version": "2.1.2",
            "dev": true,
            "requires": {
                "bignumber.js": "^9.0.0",
                "buffer": "^5.5.0",
                "commander": "^2.15.0",
                "ieee754": "^1.1.13",
                "iso-url": "~0.4.7",
                "json-text-sequence": "~0.1.0",
                "readable-stream": "^3.6.0"
            }
        },
        "buffer": {
            "version": "5.7.1",
            "dev": true,
            "requires": {
                "base64-js": "^1.3.1",
                "ieee754": "^1.1.13"
            }
        },
        "commander": {
            "version": "2.20.3",
            "dev": true
        },
        "create-require": {
            "version": "1.1.1",
            "dev": true
        },
        "delimit-stream": {
            "version": "0.1.0",
            "dev": true
        },
        "diff": {
            "version": "4.0.2",
            "dev": true
        },
        "ieee754": {
            "version": "1.2.1",
            "dev": true
        },
        "inherits": {
            "version": "2.0.4",
            "dev": true
        },
        "iso-url": {
            "version": "0.4.7",
            "dev": true
        },
        "js-sha256": {
            "version": "0.9.0",
            "dev": true
        },
        "json-text-sequence": {
            "version": "0.1.1",
            "dev": true,
            "requires": {
                "delimit-stream": "0.1.0"
            }
        },
        "make-error": {
            "version": "1.3.6",
            "dev": true
        },
        "readable-stream": {
            "version": "3.6.0",
            "dev": true,
            "requires": {
                "inherits": "^2.0.3",
                "string_decoder": "^1.1.1",
                "util-deprecate": "^1.0.1"
            }
        },
        "safe-buffer": {
            "version": "5.2.1",
            "dev": true
        },
        "simple-cbor": {
            "version": "0.4.1",
            "dev": true
        },
        "string_decoder": {
            "version": "1.3.0",
            "dev": true,
            "requires": {
                "safe-buffer": "~5.2.0"
            }
        },
        "ts-node": {
            "version": "10.7.0",
            "dev": true,
            "requires": {
                "@cspotcode/source-map-support": "0.7.0",
                "@tsconfig/node10": "^1.0.7",
                "@tsconfig/node12": "^1.0.7",
                "@tsconfig/node14": "^1.0.0",
                "@tsconfig/node16": "^1.0.2",
                "acorn": "^8.4.1",
                "acorn-walk": "^8.1.1",
                "arg": "^4.1.0",
                "create-require": "^1.1.0",
                "diff": "^4.0.1",
                "make-error": "^1.1.1",
                "v8-compile-cache-lib": "^3.0.0",
                "yn": "3.1.1"
            }
        },
        "typescript": {
            "version": "4.6.3",
            "dev": true
        },
        "util-deprecate": {
            "version": "1.0.2",
            "dev": true
        },
        "v8-compile-cache-lib": {
            "version": "3.0.1",
            "dev": true
        },
        "yn": {
            "version": "3.1.1",
            "dev": true
        }
    }
}
